
Microsoft Visual Studio Solution File, Format Version 12.00
# Visual Studio Version 17
VisualStudioVersion = 17.4.33122.133
MinimumVisualStudioVersion = 10.0.40219.1
Project("{FAE04EC0-301F-11D3-BF4B-00C04F79EFBC}") = "B10802010陳柏翰", "B10802010陳柏翰\B10802010陳柏翰.csproj", "{4EDFBDB7-5E4F-4059-9163-8000185C9F8C}"
EndProject
Global
	GlobalSection(SolutionConfigurationPlatforms) = preSolution
		Debug|Any CPU = Debug|Any CPU
		Release|Any CPU = Release|Any CPU
	EndGlobalSection
	GlobalSection(ProjectConfigurationPlatforms) = postSolution
		{4EDFBDB7-5E4F-4059-9163-8000185C9F8C}.Debug|Any CPU.ActiveCfg = Debug|Any CPU
		{4EDFBDB7-5E4F-4059-9163-8000185C9F8C}.Debug|Any CPU.Build.0 = Debug|Any CPU
		{4EDFBDB7-5E4F-4059-9163-8000185C9F8C}.Release|Any CPU.ActiveCfg = Release|Any CPU
		{4EDFBDB7-5E4F-4059-9163-8000185C9F8C}.Release|Any CPU.Build.0 = Release|Any CPU
	EndGlobalSection
	GlobalSection(SolutionProperties) = preSolution
		HideSolutionNode = FALSE
	EndGlobalSection
	GlobalSection(ExtensibilityGlobals) = postSolution
		SolutionGuid = {328CB71D-520D-4B13-A65C-5BD8676FFED7}
	EndGlobalSection
EndGlobal
